
Microsoft Visual Studio Solution File, Format Version 12.00
# Visual Studio Version 17
VisualStudioVersion = 17.1.32328.378
MinimumVisualStudioVersion = 10.0.40219.1
Project("{FAE04EC0-301F-11D3-BF4B-00C04F79EFBC}") = "HashTable", "HashTable.csproj", "{B78A3EEC-849D-46B3-9619-3212792FD62C}"
EndProject
Global
	GlobalSection(SolutionConfigurationPlatforms) = preSolution
		Debug|Any CPU = Debug|Any CPU
		Release|Any CPU = Release|Any CPU
	EndGlobalSection
	GlobalSection(ProjectConfigurationPlatforms) = postSolution
		{B78A3EEC-849D-46B3-9619-3212792FD62C}.Debug|Any CPU.ActiveCfg = Debug|Any CPU
		{B78A3EEC-849D-46B3-9619-3212792FD62C}.Debug|Any CPU.Build.0 = Debug|Any CPU
		{B78A3EEC-849D-46B3-9619-3212792FD62C}.Release|Any CPU.ActiveCfg = Release|Any CPU
		{B78A3EEC-849D-46B3-9619-3212792FD62C}.Release|Any CPU.Build.0 = Release|Any CPU
	EndGlobalSection
	GlobalSection(SolutionProperties) = preSolution
		HideSolutionNode = FALSE
	EndGlobalSection
	GlobalSection(ExtensibilityGlobals) = postSolution
		SolutionGuid = {F4D9A7C0-639E-4249-860A-0F3EFD53BF34}
	EndGlobalSection
EndGlobal
